
Microsoft Visual Studio Solution File, Format Version 12.00
# Visual Studio Version 17
VisualStudioVersion = 17.0.31919.166
MinimumVisualStudioVersion = 10.0.40219.1
Project("{FAE04EC0-301F-11D3-BF4B-00C04F79EFBC}") = "specflow-exercises", "specflow-exercises\specflow-exercises.csproj", "{3F192D16-CD9A-4166-8522-B32D06AAB956}"
EndProject
Global
	GlobalSection(SolutionConfigurationPlatforms) = preSolution
		Debug|Any CPU = Debug|Any CPU
		Release|Any CPU = Release|Any CPU
	EndGlobalSection
	GlobalSection(ProjectConfigurationPlatforms) = postSolution
		{3F192D16-CD9A-4166-8522-B32D06AAB956}.Debug|Any CPU.ActiveCfg = Debug|Any CPU
		{3F192D16-CD9A-4166-8522-B32D06AAB956}.Debug|Any CPU.Build.0 = Debug|Any CPU
		{3F192D16-CD9A-4166-8522-B32D06AAB956}.Release|Any CPU.ActiveCfg = Release|Any CPU
		{3F192D16-CD9A-4166-8522-B32D06AAB956}.Release|Any CPU.Build.0 = Release|Any CPU
	EndGlobalSection
	GlobalSection(SolutionProperties) = preSolution
		HideSolutionNode = FALSE
	EndGlobalSection
	GlobalSection(ExtensibilityGlobals) = postSolution
		SolutionGuid = {DC9A8FCF-0D7C-4691-97ED-7CFDB4678D22}
	EndGlobalSection
EndGlobal
